lockfileVersion: 5.3

specifiers:
  '@material/animation': ^12.0.0
  '@material/auto-init': ^12.0.0
  '@material/banner': ^12.0.0
  '@material/base': ^12.0.0
  '@material/button': ^12.0.0
  '@material/card': ^12.0.0
  '@material/checkbox': ^12.0.0
  '@material/chips': ^12.0.0
  '@material/circular-progress': ^12.0.0
  '@material/data-table': ^12.0.0
  '@material/density': ^12.0.0
  '@material/dialog': ^12.0.0
  '@material/dom': ^12.0.0
  '@material/drawer': ^12.0.0
  '@material/elevation': ^12.0.0
  '@material/fab': ^12.0.0
  '@material/feature-targeting': ^12.0.0
  '@material/floating-label': ^12.0.0
  '@material/form-field': ^12.0.0
  '@material/icon-button': ^12.0.0
  '@material/image-list': ^12.0.0
  '@material/layout-grid': ^12.0.0
  '@material/line-ripple': ^12.0.0
  '@material/linear-progress': ^12.0.0
  '@material/list': ^12.0.0
  '@material/menu': ^12.0.0
  '@material/menu-surface': ^12.0.0
  '@material/notched-outline': ^12.0.0
  '@material/radio': ^12.0.0
  '@material/ripple': ^12.0.0
  '@material/rtl': ^12.0.0
  '@material/segmented-button': ^12.0.0
  '@material/select': ^12.0.0
  '@material/shape': ^12.0.0
  '@material/slider': ^12.0.0
  '@material/snackbar': ^12.0.0
  '@material/switch': ^12.0.0
  '@material/tab': ^12.0.0
  '@material/tab-bar': ^12.0.0
  '@material/tab-indicator': ^12.0.0
  '@material/tab-scroller': ^12.0.0
  '@material/textfield': ^12.0.0
  '@material/theme': ^12.0.0
  '@material/tokens': ^12.0.0
  '@material/tooltip': ^12.0.0
  '@material/top-app-bar': ^12.0.0
  '@material/touch-target': ^12.0.0
  '@material/typography': ^12.0.0
  '@sveltejs/kit': next
  sass: ^1.37.5
  svelte: ^3.34.0
  svelte-check: ^2.0.0
  svelte-preprocess: ^4.0.0
  svelte2tsx: ^0.4.5
  tslib: ^2.0.0
  typescript: ^4.3.5

dependencies:
  '@material/animation': 12.0.0
  '@material/auto-init': 12.0.0
  '@material/banner': 12.0.0
  '@material/base': 12.0.0
  '@material/button': 12.0.0
  '@material/card': 12.0.0
  '@material/checkbox': 12.0.0
  '@material/chips': 12.0.0
  '@material/circular-progress': 12.0.0
  '@material/data-table': 12.0.0
  '@material/density': 12.0.0
  '@material/dialog': 12.0.0
  '@material/dom': 12.0.0
  '@material/drawer': 12.0.0
  '@material/elevation': 12.0.0
  '@material/fab': 12.0.0
  '@material/feature-targeting': 12.0.0
  '@material/floating-label': 12.0.0
  '@material/form-field': 12.0.0
  '@material/icon-button': 12.0.0
  '@material/image-list': 12.0.0
  '@material/layout-grid': 12.0.0
  '@material/line-ripple': 12.0.0
  '@material/linear-progress': 12.0.0
  '@material/list': 12.0.0
  '@material/menu': 12.0.0
  '@material/menu-surface': 12.0.0
  '@material/notched-outline': 12.0.0
  '@material/radio': 12.0.0
  '@material/ripple': 12.0.0
  '@material/rtl': 12.0.0
  '@material/segmented-button': 12.0.0
  '@material/select': 12.0.0
  '@material/shape': 12.0.0
  '@material/slider': 12.0.0
  '@material/snackbar': 12.0.0
  '@material/switch': 12.0.0
  '@material/tab': 12.0.0
  '@material/tab-bar': 12.0.0
  '@material/tab-indicator': 12.0.0
  '@material/tab-scroller': 12.0.0
  '@material/textfield': 12.0.0
  '@material/theme': 12.0.0
  '@material/tokens': 12.0.0
  '@material/tooltip': 12.0.0
  '@material/top-app-bar': 12.0.0
  '@material/touch-target': 12.0.0
  '@material/typography': 12.0.0

devDependencies:
  '@sveltejs/kit': 1.0.0-next.142_svelte@3.42.1
  sass: 1.37.5
  svelte: 3.42.1
  svelte-check: 2.2.4_sass@1.37.5+svelte@3.42.1
  svelte-preprocess: 4.7.4_1ced6683a6cc370029bbe34719c2dc36
  svelte2tsx: 0.4.5_svelte@3.42.1+typescript@4.3.5
  tslib: 2.3.0
  typescript: 4.3.5

packages:

  /@material/animation/12.0.0:
    resolution: {integrity: sha512-PfRHehbW6xrNaAb5RELmyxn9+pGTYwzxUnT43TdmOOTN+J45MRH8c90ZSdczich6gp7tgyTQsd3HtB5yRgBsIA==}
    dependencies:
      tslib: 2.3.0
    dev: false

  /@material/auto-init/12.0.0:
    resolution: {integrity: sha512-DYvyUOzzv6tn3ECQ9xKXu8Nm/FASicIks08pka3IsSRfLQ4eXGo+EYt/ryqYJ6k8WZF2pkGtH/8C82LIF202Yw==}
    dependencies:
      '@material/base': 12.0.0
      tslib: 2.3.0
    dev: false

  /@material/banner/12.0.0:
    resolution: {integrity: sha512-VjPsvikIlu0pzo17L47ATmptJIAdi9iEa23TJ5IfxiybTFMhHeupjbjQlOwcBjAIEWKWquRgbLpDf280WRvzzw==}
    dependencies:
      '@material/base': 12.0.0
      '@material/button': 12.0.0
      '@material/dom': 12.0.0
      '@material/feature-targeting': 12.0.0
      '@material/ripple': 12.0.0
      '@material/rtl': 12.0.0
      '@material/shape': 12.0.0
      '@material/theme': 12.0.0
      '@material/typography': 12.0.0
      tslib: 2.3.0
    dev: false

  /@material/base/12.0.0:
    resolution: {integrity: sha512-LcAQGFhuGM5B9BJQPoDYXhka+gkKvjKN6HdmCpKq55EkUoHeEnbu6IT2MOQjhcULTlQdcdGP77YNNGYdv3fGsA==}
    dependencies:
      tslib: 2.3.0
    dev: false

  /@material/button/12.0.0:
    resolution: {integrity: sha512-+Vo9+9nsMy8XZUC4E4CDxmjPAAGCogoIskQSduceuZf8Zdoxy3mQfmmQqWaxtBieXJScybpQyw55RRC3MWu6fg==}
    dependencies:
      '@material/density': 12.0.0
      '@material/dom': 12.0.0
      '@material/elevation': 12.0.0
      '@material/feature-targeting': 12.0.0
      '@material/ripple': 12.0.0
      '@material/rtl': 12.0.0
      '@material/shape': 12.0.0
      '@material/theme': 12.0.0
      '@material/tokens': 12.0.0
      '@material/touch-target': 12.0.0
      '@material/typography': 12.0.0
      tslib: 2.3.0
    dev: false

  /@material/card/12.0.0:
    resolution: {integrity: sha512-qOzXAKTF/iV/t+HT8KmG2rfB4Otcd3z7e3mxdnnmZKb1tCxAkoKLnwJWDuPayySWN7x17Dqjl29Sr23i6YxLdw==}
    dependencies:
      '@material/dom': 12.0.0
      '@material/elevation': 12.0.0
      '@material/feature-targeting': 12.0.0
      '@material/ripple': 12.0.0
      '@material/rtl': 12.0.0
      '@material/shape': 12.0.0
      '@material/theme': 12.0.0
      tslib: 2.3.0
    dev: false

  /@material/checkbox/12.0.0:
    resolution: {integrity: sha512-lYPhS+6la2f6E8xsmAQtTCb6gKFqlSPMzvlnf/2+BS6P9iOracRYcWeO9jeze60m0gFiF8rk4Y1Z32Mkx7yPQw==}
    dependencies:
      '@material/animation': 12.0.0
      '@material/base': 12.0.0
      '@material/density': 12.0.0
      '@material/dom': 12.0.0
      '@material/feature-targeting': 12.0.0
      '@material/ripple': 12.0.0
      '@material/theme': 12.0.0
      '@material/touch-target': 12.0.0
      tslib: 2.3.0
    dev: false

  /@material/chips/12.0.0:
    resolution: {integrity: sha512-I+OustjFSkJDq2AXg909UXcf4SGCRItmE4s742gKIjDFxzpTKk1ualbWAh/S3n7Q3JzCVD5P34tuJnOB+OddfA==}
    dependencies:
      '@material/animation': 12.0.0
      '@material/base': 12.0.0
      '@material/checkbox': 12.0.0
      '@material/density': 12.0.0
      '@material/dom': 12.0.0
      '@material/elevation': 12.0.0
      '@material/feature-targeting': 12.0.0
      '@material/ripple': 12.0.0
      '@material/rtl': 12.0.0
      '@material/shape': 12.0.0
      '@material/theme': 12.0.0
      '@material/touch-target': 12.0.0
      '@material/typography': 12.0.0
      tslib: 2.3.0
    dev: false

  /@material/circular-progress/12.0.0:
    resolution: {integrity: sha512-3Xi5la6UTS0KhYzxVDqRjQ7uxqeci+MjH8w+0yMoIsw9/gdtZ5S4dYQ0U8/FaWBTzW6nmGxI4zQ3Q0ySFpGRgA==}
    dependencies:
      '@material/animation': 12.0.0
      '@material/base': 12.0.0
      '@material/feature-targeting': 12.0.0
      '@material/progress-indicator': 12.0.0
      '@material/theme': 12.0.0
      tslib: 2.3.0
    dev: false

  /@material/data-table/12.0.0:
    resolution: {integrity: sha512-bJVQqJLWhqiutgPssm3CcstUv/pKc2xLCjI4WXAE64Y0N9Dv7AvwScK6/1nnr6+GR10ky3xoMeGHIElBhLeRsg==}
    dependencies:
      '@material/animation': 12.0.0
      '@material/base': 12.0.0
      '@material/checkbox': 12.0.0
      '@material/density': 12.0.0
      '@material/dom': 12.0.0
      '@material/elevation': 12.0.0
      '@material/feature-targeting': 12.0.0
      '@material/icon-button': 12.0.0
      '@material/linear-progress': 12.0.0
      '@material/list': 12.0.0
      '@material/menu': 12.0.0
      '@material/rtl': 12.0.0
      '@material/select': 12.0.0
      '@material/shape': 12.0.0
      '@material/theme': 12.0.0
      '@material/touch-target': 12.0.0
      '@material/typography': 12.0.0
      tslib: 2.3.0
    dev: false

  /@material/density/12.0.0:
    resolution: {integrity: sha512-7kWsFPiiTcw5FKdm6zvMp3ygLhHINXMScrUcRTW9RoIzC6EgWrzF/UC1XEt48Yg4Ux6K/98QJ4B53CoVv1Z/OQ==}
    dependencies:
      tslib: 2.3.0
    dev: false

  /@material/dialog/12.0.0:
    resolution: {integrity: sha512-LusDwYTmZwmHEIFmoL0LC0W/uotHgGxbvXZY30BUF33IgxKc7e/NC9Tr8nmEAHLfVpaInusEn9bqPckvKfyD+w==}
    dependencies:
      '@material/animation': 12.0.0
      '@material/base': 12.0.0
      '@material/button': 12.0.0
      '@material/dom': 12.0.0
      '@material/elevation': 12.0.0
      '@material/feature-targeting': 12.0.0
      '@material/icon-button': 12.0.0
      '@material/ripple': 12.0.0
      '@material/rtl': 12.0.0
      '@material/shape': 12.0.0
      '@material/theme': 12.0.0
      '@material/touch-target': 12.0.0
      '@material/typography': 12.0.0
      tslib: 2.3.0
    dev: false

  /@material/dom/12.0.0:
    resolution: {integrity: sha512-vaQi+bNMv3UMSG2wwMEYen36Or32XY/djGmes5KRi8TxDBzAH9HNuE9CxYBrZqYzYFrAIfvXyEIZhlhY+3WLlg==}
    dependencies:
      '@material/feature-targeting': 12.0.0
      tslib: 2.3.0
    dev: false

  /@material/drawer/12.0.0:
    resolution: {integrity: sha512-gQBowi3Zdmfa6w/HboCkM64h2APLndVccV9Ub6a4AVpheOtzzfJgS+WlTadwSKjcabL0AzJ4U7itecz6FvespQ==}
    dependencies:
      '@material/animation': 12.0.0
      '@material/base': 12.0.0
      '@material/dom': 12.0.0
      '@material/elevation': 12.0.0
      '@material/feature-targeting': 12.0.0
      '@material/list': 12.0.0
      '@material/ripple': 12.0.0
      '@material/rtl': 12.0.0
      '@material/shape': 12.0.0
      '@material/theme': 12.0.0
      '@material/typography': 12.0.0
      tslib: 2.3.0
    dev: false

  /@material/elevation/12.0.0:
    resolution: {integrity: sha512-PWTACGNus2cdNL6V6+AhT3tC+YKyP2ujQn+izXNGXLXFc/FHk+lHLvwwr71D7bApy2hPMndHJ4DtF36qfAM1tw==}
    dependencies:
      '@material/animation': 12.0.0
      '@material/base': 12.0.0
      '@material/feature-targeting': 12.0.0
      '@material/theme': 12.0.0
      tslib: 2.3.0
    dev: false

  /@material/fab/12.0.0:
    resolution: {integrity: sha512-6XfU+ZcNej2+eO0TFIyo1eYHEyvGYCSxlgO0P1gXavPNKyGLxkGhQREendxlc1XyAVw2yvAPzrtx3puc/xMd0A==}
    dependencies:
      '@material/animation': 12.0.0
      '@material/dom': 12.0.0
      '@material/elevation': 12.0.0
      '@material/feature-targeting': 12.0.0
      '@material/ripple': 12.0.0
      '@material/rtl': 12.0.0
      '@material/shape': 12.0.0
      '@material/theme': 12.0.0
      '@material/tokens': 12.0.0
      '@material/touch-target': 12.0.0
      '@material/typography': 12.0.0
      tslib: 2.3.0
    dev: false

  /@material/feature-targeting/12.0.0:
    resolution: {integrity: sha512-BbdYzZmGg886X3gvKPxfM5etNwhmKR4PT33NRc7PTKivCHitre8zjgb7kKW1vRLV4YnB54sp9L7tr/QcbbbXGg==}
    dependencies:
      tslib: 2.3.0
    dev: false

  /@material/floating-label/12.0.0:
    resolution: {integrity: sha512-bOJNxSP8Jd/AJtrMC+1R6azjDWAUsA+4DpYj0TFEKM8s7LS4vulETs+9PoJh++K68haWpkb+Qks1Pa8Vb1F+Vw==}
    dependencies:
      '@material/animation': 12.0.0
      '@material/base': 12.0.0
      '@material/dom': 12.0.0
      '@material/feature-targeting': 12.0.0
      '@material/rtl': 12.0.0
      '@material/theme': 12.0.0
      '@material/typography': 12.0.0
      tslib: 2.3.0
    dev: false

  /@material/form-field/12.0.0:
    resolution: {integrity: sha512-es28doVewEhvh/sV1OqJNFpH+vVLRZyGLh5QvqxfGOmozcUb56nQbSAUrOwlK+ZINwdy0fLkZLJvUu8C9H33kg==}
    dependencies:
      '@material/base': 12.0.0
      '@material/feature-targeting': 12.0.0
      '@material/ripple': 12.0.0
      '@material/rtl': 12.0.0
      '@material/theme': 12.0.0
      '@material/typography': 12.0.0
      tslib: 2.3.0
    dev: false

  /@material/icon-button/12.0.0:
    resolution: {integrity: sha512-W4lhJWbrT1FGzgBtwqz9MAFyAnx+wQztV0m5XXncDzfjVgfGaXsW/AYEuVijJEFOvIMGbkcszSkjGIOc1T3tXA==}
    dependencies:
      '@material/base': 12.0.0
      '@material/density': 12.0.0
      '@material/feature-targeting': 12.0.0
      '@material/ripple': 12.0.0
      '@material/rtl': 12.0.0
      '@material/theme': 12.0.0
      '@material/touch-target': 12.0.0
      tslib: 2.3.0
    dev: false

  /@material/image-list/12.0.0:
    resolution: {integrity: sha512-njtPGXP5GjpLsQsU+/BWRerkAGXEWrp39ioBGBHp+pD+JvCvxLQoRwsWWLPKLJtk5RrbI4U64d9UTbMHm/a1NA==}
    dependencies:
      '@material/feature-targeting': 12.0.0
      '@material/shape': 12.0.0
      '@material/theme': 12.0.0
      '@material/typography': 12.0.0
      tslib: 2.3.0
    dev: false

  /@material/layout-grid/12.0.0:
    resolution: {integrity: sha512-bPIIEL+Ka7hixX0/d+yUK4juyQ0GcYxbT1EGWs1JzmZUzMOfzfNQqsrbo2sIQeN4tSou3wiUgSXsI1/3U+V3tQ==}
    dependencies:
      tslib: 2.3.0
    dev: false

  /@material/line-ripple/12.0.0:
    resolution: {integrity: sha512-W18BuAcjTzGfjmfgoyQmxEsXz/D+65tX3H7PTsudEoacxby6BdCNVJWwyRCOSGrzVjmETeNbqHf32oAZgApWXg==}
    dependencies:
      '@material/animation': 12.0.0
      '@material/base': 12.0.0
      '@material/feature-targeting': 12.0.0
      '@material/theme': 12.0.0
      tslib: 2.3.0
    dev: false

  /@material/linear-progress/12.0.0:
    resolution: {integrity: sha512-I4Z5fuvddsh8XysnvjK7RnRORN+xIreoWwo8hcPnqN0fgM0NXGFIoRTq2NZi1t1qR+ZvmVgJciNKBg2y/ySqMQ==}
    dependencies:
      '@material/animation': 12.0.0
      '@material/base': 12.0.0
      '@material/feature-targeting': 12.0.0
      '@material/progress-indicator': 12.0.0
      '@material/rtl': 12.0.0
      '@material/theme': 12.0.0
      tslib: 2.3.0
    dev: false

  /@material/list/12.0.0:
    resolution: {integrity: sha512-XV4YbvC+1XP6XgJ9Cj5PVDcu+so6uISeUFSbsdAdD4UDWEYpVtnZiGU9AMzn8e4VXzNVGLOR5Fn1XqX6byWTVg==}
    dependencies:
      '@material/base': 12.0.0
      '@material/density': 12.0.0
      '@material/dom': 12.0.0
      '@material/feature-targeting': 12.0.0
      '@material/ripple': 12.0.0
      '@material/rtl': 12.0.0
      '@material/shape': 12.0.0
      '@material/theme': 12.0.0
      '@material/typography': 12.0.0
      tslib: 2.3.0
    dev: false

  /@material/menu-surface/12.0.0:
    resolution: {integrity: sha512-9+DIE1Pfz8uw5kZ5tgvv4T/yog7TOumQMCh6ifMN9m7xqRwxb4TKVC7JBku4m5JPj5ajhZzT2skX0SWDgWJaug==}
    dependencies:
      '@material/animation': 12.0.0
      '@material/base': 12.0.0
      '@material/elevation': 12.0.0
      '@material/feature-targeting': 12.0.0
      '@material/rtl': 12.0.0
      '@material/shape': 12.0.0
      '@material/theme': 12.0.0
      tslib: 2.3.0
    dev: false

  /@material/menu/12.0.0:
    resolution: {integrity: sha512-ZXySzEjMbvQQi64i75kpZDZNiCIVdomxw7QwnPkdD4hxElce+8cSTOalW4nTntg6lA+4utTc8zMIMvxugkrGJA==}
    dependencies:
      '@material/base': 12.0.0
      '@material/dom': 12.0.0
      '@material/elevation': 12.0.0
      '@material/feature-targeting': 12.0.0
      '@material/list': 12.0.0
      '@material/menu-surface': 12.0.0
      '@material/ripple': 12.0.0
      '@material/rtl': 12.0.0
      '@material/theme': 12.0.0
      tslib: 2.3.0
    dev: false

  /@material/notched-outline/12.0.0:
    resolution: {integrity: sha512-dPtsOh2acyvv/o6daxw0mJSvns8dcqPiL2KO9h23YD81/zM8Mon7Ui7ii84+pOFLnh6JiszMNatGxdlL+dv8RQ==}
    dependencies:
      '@material/base': 12.0.0
      '@material/feature-targeting': 12.0.0
      '@material/floating-label': 12.0.0
      '@material/rtl': 12.0.0
      '@material/shape': 12.0.0
      '@material/theme': 12.0.0
      tslib: 2.3.0
    dev: false

  /@material/progress-indicator/12.0.0:
    resolution: {integrity: sha512-YIY5g3uMpD0W9ivA4FrzRZWM59hgXniJ1KmlHmRSJYzunNqAuX16bAc+lraz6EvFMwIrib0CbHUn6rsUnJBTkg==}
    dependencies:
      tslib: 2.3.0
    dev: false

  /@material/radio/12.0.0:
    resolution: {integrity: sha512-9HCGS0nxsz4Cvg5TCYv8PcAhVPYllXrS7JxG3y2e3rcrvphKuae7XOG4jvxzHJfI2H5GyvolS6GWRmXUGLgz3Q==}
    dependencies:
      '@material/animation': 12.0.0
      '@material/base': 12.0.0
      '@material/density': 12.0.0
      '@material/dom': 12.0.0
      '@material/feature-targeting': 12.0.0
      '@material/ripple': 12.0.0
      '@material/theme': 12.0.0
      '@material/touch-target': 12.0.0
      tslib: 2.3.0
    dev: false

  /@material/ripple/12.0.0:
    resolution: {integrity: sha512-gxtbZHeRnE93KwkT1oTU07ap3mOJpbLDY7Edlybd4ZF9ar8Pyj0245rf5MKagubzgNBFzOESDEsIjuCfLV1cUw==}
    dependencies:
      '@material/animation': 12.0.0
      '@material/base': 12.0.0
      '@material/dom': 12.0.0
      '@material/feature-targeting': 12.0.0
      '@material/theme': 12.0.0
      tslib: 2.3.0
    dev: false

  /@material/rtl/12.0.0:
    resolution: {integrity: sha512-JmFyyWr2GFa1ODSsq0jaImj6NprDpts3L3riyvsTQVnJDDKyJwYkyjFbssuIqB9wO3IfVPj5JyTKNoTLraW7dA==}
    dependencies:
      '@material/theme': 12.0.0
      tslib: 2.3.0
    dev: false

  /@material/segmented-button/12.0.0:
    resolution: {integrity: sha512-2Rlpvr/zPyGEo/C9yp/Fh66PXt7rb57spEyNXKv02h0ls1CAZOZFa8b2hfDMujMQqObUoXDGlBlaoO19bq0lMA==}
    dependencies:
      '@material/base': 12.0.0
      '@material/elevation': 12.0.0
      '@material/feature-targeting': 12.0.0
      '@material/ripple': 12.0.0
      '@material/theme': 12.0.0
      '@material/touch-target': 12.0.0
      '@material/typography': 12.0.0
      tslib: 2.3.0
    dev: false

  /@material/select/12.0.0:
    resolution: {integrity: sha512-djdR9F7AwzoLpaQza1CHwJDx4xyxha8kiQMw8aNeAxE5ob/RlU2iKOg+8HD+0yH8iHZK8PYpUbnCttiQcHakuw==}
    dependencies:
      '@material/animation': 12.0.0
      '@material/base': 12.0.0
      '@material/density': 12.0.0
      '@material/dom': 12.0.0
      '@material/feature-targeting': 12.0.0
      '@material/floating-label': 12.0.0
      '@material/line-ripple': 12.0.0
      '@material/list': 12.0.0
      '@material/menu': 12.0.0
      '@material/menu-surface': 12.0.0
      '@material/notched-outline': 12.0.0
      '@material/ripple': 12.0.0
      '@material/rtl': 12.0.0
      '@material/shape': 12.0.0
      '@material/theme': 12.0.0
      '@material/typography': 12.0.0
      tslib: 2.3.0
    dev: false

  /@material/shape/12.0.0:
    resolution: {integrity: sha512-0mvRUPq2esbyivJl3NMdYtHTFOV7EOU+Tob2Y6F2sQ+PJJYpONfEHRo8nakN7fDM3aNSuQUdhG3nbwJghAN1IA==}
    dependencies:
      '@material/feature-targeting': 12.0.0
      '@material/rtl': 12.0.0
      '@material/theme': 12.0.0
      tslib: 2.3.0
    dev: false

  /@material/slider/12.0.0:
    resolution: {integrity: sha512-B02xWlGzTEgR1j350OgxbC3S5Nt/hCOHl4zvd1uDwF0fnbgKQkL5+tFVHJkK8DDX54f/S5TVeKk3xgYJmE+/NA==}
    dependencies:
      '@material/animation': 12.0.0
      '@material/base': 12.0.0
      '@material/dom': 12.0.0
      '@material/elevation': 12.0.0
      '@material/feature-targeting': 12.0.0
      '@material/ripple': 12.0.0
      '@material/rtl': 12.0.0
      '@material/theme': 12.0.0
      '@material/typography': 12.0.0
      tslib: 2.3.0
    dev: false

  /@material/snackbar/12.0.0:
    resolution: {integrity: sha512-n3GhuOhFvP8R2fDu5hu1nOgVS7N7wIgTtJ7+cLzSJRsk3ph6D/juPKnWusO+ddjdwLtjVpIoC+jSsE9JKeQW8A==}
    dependencies:
      '@material/animation': 12.0.0
      '@material/base': 12.0.0
      '@material/button': 12.0.0
      '@material/dom': 12.0.0
      '@material/elevation': 12.0.0
      '@material/feature-targeting': 12.0.0
      '@material/icon-button': 12.0.0
      '@material/ripple': 12.0.0
      '@material/rtl': 12.0.0
      '@material/shape': 12.0.0
      '@material/theme': 12.0.0
      '@material/typography': 12.0.0
      tslib: 2.3.0
    dev: false

  /@material/switch/12.0.0:
    resolution: {integrity: sha512-8h3UICmTVTObLfvUsbfyKRSj88pIXv2EzbB8MQO7rKDEUZtP/Nws/t/+HG2zm2UeXqxBOn96qS4ucKzgxlzPtA==}
    dependencies:
      '@material/animation': 12.0.0
      '@material/base': 12.0.0
      '@material/density': 12.0.0
      '@material/dom': 12.0.0
      '@material/elevation': 12.0.0
      '@material/feature-targeting': 12.0.0
      '@material/ripple': 12.0.0
      '@material/rtl': 12.0.0
      '@material/shape': 12.0.0
      '@material/theme': 12.0.0
      '@material/tokens': 12.0.0
      tslib: 2.3.0
    dev: false

  /@material/tab-bar/12.0.0:
    resolution: {integrity: sha512-lfA2RUZo0kwKqc5Pm07n6E1Liqr0pi9EATmmsqswFphIqfKu+ODqgS0o6OAekmeFL5Mny+kJuAOh6i1l1sT8Ug==}
    dependencies:
      '@material/animation': 12.0.0
      '@material/base': 12.0.0
      '@material/density': 12.0.0
      '@material/elevation': 12.0.0
      '@material/feature-targeting': 12.0.0
      '@material/tab': 12.0.0
      '@material/tab-indicator': 12.0.0
      '@material/tab-scroller': 12.0.0
      '@material/theme': 12.0.0
      '@material/typography': 12.0.0
      tslib: 2.3.0
    dev: false

  /@material/tab-indicator/12.0.0:
    resolution: {integrity: sha512-PAW2n8d1JOUn0OpUAZx8KkH7Oiv1EaZq1fOapk9t4shPruzmrvzDrJ4omN82FhCf5z873EPNzgPa6fD+Rg5pjg==}
    dependencies:
      '@material/animation': 12.0.0
      '@material/base': 12.0.0
      '@material/feature-targeting': 12.0.0
      '@material/theme': 12.0.0
      tslib: 2.3.0
    dev: false

  /@material/tab-scroller/12.0.0:
    resolution: {integrity: sha512-t/4b9/xJHJBx/qINzOaxn5JKBMoz5NG2FeLeSX4SkigExeVWyAGY+SSw5u/aeVi1BJzXQpsAX2ypbVTgiIMdxw==}
    dependencies:
      '@material/animation': 12.0.0
      '@material/base': 12.0.0
      '@material/dom': 12.0.0
      '@material/feature-targeting': 12.0.0
      '@material/tab': 12.0.0
      tslib: 2.3.0
    dev: false

  /@material/tab/12.0.0:
    resolution: {integrity: sha512-KMJ2Zi5aGzrE6tvs829JppauvZvETweQP6IKBx/vQUXIltIlRirZ5Qb29+zwYABEz1+CxLzQkd1a9XXqHQNNQA==}
    dependencies:
      '@material/base': 12.0.0
      '@material/elevation': 12.0.0
      '@material/feature-targeting': 12.0.0
      '@material/ripple': 12.0.0
      '@material/rtl': 12.0.0
      '@material/tab-indicator': 12.0.0
      '@material/theme': 12.0.0
      '@material/typography': 12.0.0
      tslib: 2.3.0
    dev: false

  /@material/textfield/12.0.0:
    resolution: {integrity: sha512-YucSKbII4XOhzGbteFzGpPcbl+XQ2+87bm+iJYg2vpiVRGcstEVWceuK99pv0jXm9eXflDu2vBJV620azmeBQg==}
    dependencies:
      '@material/animation': 12.0.0
      '@material/base': 12.0.0
      '@material/density': 12.0.0
      '@material/dom': 12.0.0
      '@material/feature-targeting': 12.0.0
      '@material/floating-label': 12.0.0
      '@material/line-ripple': 12.0.0
      '@material/notched-outline': 12.0.0
      '@material/ripple': 12.0.0
      '@material/rtl': 12.0.0
      '@material/shape': 12.0.0
      '@material/theme': 12.0.0
      '@material/typography': 12.0.0
      tslib: 2.3.0
    dev: false

  /@material/theme/12.0.0:
    resolution: {integrity: sha512-E9gFLpOcwtJ2GiPg8S4w+9eaqFNgLO67Yyftcu1XgswAHBFiI7qAHTDYH21H4W88RKlf3sTNyHtzigbTenPUNg==}
    dependencies:
      '@material/feature-targeting': 12.0.0
      tslib: 2.3.0
    dev: false

  /@material/tokens/12.0.0:
    resolution: {integrity: sha512-yD8G+YvNsFt9+CGzUPWvy18Bn3a8+9eRSf95j7WZjBN2vEPCpOK5dInCLOfYDq/9a61K4Nlg39KomZNC7nyAtQ==}
    dependencies:
      '@material/elevation': 12.0.0
    dev: false

  /@material/tooltip/12.0.0:
    resolution: {integrity: sha512-YpXlidnWbymm5WdbteU4dSb+hdRMCrgsn1gO6xZ2HXfyiKX+2oqWvMZoSHMnCEc7oUvQteKybKrtD94T7CUeoA==}
    dependencies:
      '@material/animation': 12.0.0
      '@material/base': 12.0.0
      '@material/dom': 12.0.0
      '@material/elevation': 12.0.0
      '@material/feature-targeting': 12.0.0
      '@material/rtl': 12.0.0
      '@material/shape': 12.0.0
      '@material/theme': 12.0.0
      '@material/typography': 12.0.0
      tslib: 2.3.0
    dev: false

  /@material/top-app-bar/12.0.0:
    resolution: {integrity: sha512-myk8hnpKgvtns42v03syyFKRKo5L3T69bg19QvJWkju1S5M1T8fppUFWkckubI4wZ6wh+ccRigyGxwWbp0hdfw==}
    dependencies:
      '@material/animation': 12.0.0
      '@material/base': 12.0.0
      '@material/elevation': 12.0.0
      '@material/ripple': 12.0.0
      '@material/rtl': 12.0.0
      '@material/shape': 12.0.0
      '@material/theme': 12.0.0
      '@material/typography': 12.0.0
      tslib: 2.3.0
    dev: false

  /@material/touch-target/12.0.0:
    resolution: {integrity: sha512-DArz1xm00iI6adyhBEFR+g2xmS6Jh5jMI1692YsjiL09lgXTvQwVbXCsp1FtHK21D+/KoblaT0L9sfBgnP2sAQ==}
    dependencies:
      '@material/base': 12.0.0
      '@material/feature-targeting': 12.0.0
      tslib: 2.3.0
    dev: false

  /@material/typography/12.0.0:
    resolution: {integrity: sha512-NIAczsiUueV445+686qdVQC0QohIJDIOyVWbdNKnhkUmo23FcINLEcDMAtpvS0CJyqSHm8uWq1R585Wbx2kvdQ==}
    dependencies:
      '@material/feature-targeting': 12.0.0
      '@material/theme': 12.0.0
      tslib: 2.3.0
    dev: false

  /@rollup/pluginutils/4.1.1:
    resolution: {integrity: sha512-clDjivHqWGXi7u+0d2r2sBi4Ie6VLEAzWMIkvJLnDmxoOhBYOTfzGbOQBA32THHm11/LiJbd01tJUpJsbshSWQ==}
    engines: {node: '>= 8.0.0'}
    dependencies:
      estree-walker: 2.0.2
      picomatch: 2.3.0
    dev: true

  /@sveltejs/kit/1.0.0-next.142_svelte@3.42.1:
    resolution: {integrity: sha512-MxoQz/kxlYOXVHETlxh8+wIvfZ4N2EScDqyuaWwFHqWg6fj6FHADJfZ7JCniqvAe8ME2jA9Om/gVR8e1oY04+w==}
    engines: {node: ^12.20 || >=14.13}
    hasBin: true
    peerDependencies:
      svelte: ^3.34.0
    dependencies:
      '@sveltejs/vite-plugin-svelte': 1.0.0-next.15_svelte@3.42.1+vite@2.4.4
      cheap-watch: 1.0.3
      sade: 1.7.4
      svelte: 3.42.1
      vite: 2.4.4
    transitivePeerDependencies:
      - diff-match-patch
      - supports-color
    dev: true

  /@sveltejs/vite-plugin-svelte/1.0.0-next.15_svelte@3.42.1+vite@2.4.4:
    resolution: {integrity: sha512-8yGX7PxaqtvWw+GHiO2DV7lZ4M7DwIrFq+PgZGZ9X09PuoSeaWszm76GWQXJMKHoPPhdA9084662en9qbv4aRw==}
    engines: {node: ^12.20 || ^14.13.1 || >= 16}
    peerDependencies:
      diff-match-patch: ^1.0.5
      svelte: ^3.34.0
      vite: ^2.3.7
    peerDependenciesMeta:
      diff-match-patch:
        optional: true
    dependencies:
      '@rollup/pluginutils': 4.1.1
      debug: 4.3.2
      kleur: 4.1.4
      magic-string: 0.25.7
      require-relative: 0.8.7
      svelte: 3.42.1
      svelte-hmr: 0.14.7_svelte@3.42.1
      vite: 2.4.4
    transitivePeerDependencies:
      - supports-color
    dev: true

  /@types/node/16.4.13:
    resolution: {integrity: sha512-bLL69sKtd25w7p1nvg9pigE4gtKVpGTPojBFLMkGHXuUgap2sLqQt2qUnqmVCDfzGUL0DRNZP+1prIZJbMeAXg==}
    dev: true

  /@types/pug/2.0.5:
    resolution: {integrity: sha512-LOnASQoeNZMkzexRuyqcBBDZ6rS+rQxUMkmj5A0PkhhiSZivLIuz6Hxyr1mkGoEZEkk66faROmpMi4fFkrKsBA==}
    dev: true

  /@types/sass/1.16.1:
    resolution: {integrity: sha512-iZUcRrGuz/Tbg3loODpW7vrQJkUtpY2fFSf4ELqqkApcS2TkZ1msk7ie8iZPB86lDOP8QOTTmuvWjc5S0R9OjQ==}
    dependencies:
      '@types/node': 16.4.13
    dev: true

  /ansi-styles/4.3.0:
    resolution: {integrity: sha512-zbB9rCJAT1rbjiVDb2hqKFHNYLxgtk8NURxZ3IZwD3F6NtxbXZQCnnSi1Lkx+IDohdPlFp222wVALIheZJQSEg==}
    engines: {node: '>=8'}
    dependencies:
      color-convert: 2.0.1
    dev: true

  /anymatch/3.1.2:
    resolution: {integrity: sha512-P43ePfOAIupkguHUycrc4qJ9kz8ZiuOUijaETwX7THt0Y/GNK7v0aa8rY816xWjZ7rJdA5XdMcpVFTKMq+RvWg==}
    engines: {node: '>= 8'}
    dependencies:
      normalize-path: 3.0.0
      picomatch: 2.3.0
    dev: true

  /balanced-match/1.0.2:
    resolution: {integrity: sha512-3oSeUO0TMV67hN1AmbXsK4yaqU7tjiHlbxRDZOpH0KW9+CeX4bRAaX0Anxt0tx2MrpRpWwQaPwIlISEJhYU5Pw==}
    dev: true

  /binary-extensions/2.2.0:
    resolution: {integrity: sha512-jDctJ/IVQbZoJykoeHbhXpOlNBqGNcwXJKJog42E5HDPUwQTSdjCHdihjj0DlnheQ7blbT6dHOafNAiS8ooQKA==}
    engines: {node: '>=8'}
    dev: true

  /brace-expansion/1.1.11:
    resolution: {integrity: sha512-iCuPHDFgrHX7H2vEI/5xpz07zSHB00TpugqhmYtVmMO6518mCuRMoOYFldEBl0g187ufozdaHgWKcYFb61qGiA==}
    dependencies:
      balanced-match: 1.0.2
      concat-map: 0.0.1
    dev: true

  /braces/3.0.2:
    resolution: {integrity: sha512-b8um+L1RzM3WDSzvhm6gIz1yfTbBt6YTlcEKAvsmqCZZFw46z626lVj9j1yEPW33H5H+lBQpZMP1k8l+78Ha0A==}
    engines: {node: '>=8'}
    dependencies:
      fill-range: 7.0.1
    dev: true

  /callsites/3.1.0:
    resolution: {integrity: sha512-P8BjAsXvZS+VIDUI11hHCQEv74YT67YUi5JJFNWIqL235sBmjX4+qx9Muvls5ivyNENctx46xQLQ3aTuE7ssaQ==}
    engines: {node: '>=6'}
    dev: true

  /chalk/4.1.2:
    resolution: {integrity: sha512-oKnbhFyRIXpUuez8iBMmyEa4nbj4IOQyuhc/wy9kY7/WVPcwIO9VA668Pu8RkO7+0G76SLROeyw9CpQ061i4mA==}
    engines: {node: '>=10'}
    dependencies:
      ansi-styles: 4.3.0
      supports-color: 7.2.0
    dev: true

  /cheap-watch/1.0.3:
    resolution: {integrity: sha512-xC5CruMhLzjPwJ5ecUxGu1uGmwJQykUhqd2QrCrYbwvsFYdRyviu6jG9+pccwDXJR/OpmOTOJ9yLFunVgQu9wg==}
    engines: {node: '>=8'}
    dev: true

  /chokidar/3.5.2:
    resolution: {integrity: sha512-ekGhOnNVPgT77r4K/U3GDhu+FQ2S8TnK/s2KbIGXi0SZWuwkZ2QNyfWdZW+TVfn84DpEP7rLeCt2UI6bJ8GwbQ==}
    engines: {node: '>= 8.10.0'}
    dependencies:
      anymatch: 3.1.2
      braces: 3.0.2
      glob-parent: 5.1.2
      is-binary-path: 2.1.0
      is-glob: 4.0.1
      normalize-path: 3.0.0
      readdirp: 3.6.0
    optionalDependencies:
      fsevents: 2.3.2
    dev: true

  /color-convert/2.0.1:
    resolution: {integrity: sha512-RRECPsj7iu/xb5oKYcsFHSppFNnsj/52OVTRKb4zP5onXwVF3zVmmToNcOfGC+CRDpfK/U584fMg38ZHCaElKQ==}
    engines: {node: '>=7.0.0'}
    dependencies:
      color-name: 1.1.4
    dev: true

  /color-name/1.1.4:
    resolution: {integrity: sha512-dOy+3AuW3a2wNbZHIuMZpTcgjGuLU/uBL/ubcZF9OXbDo8ff4O8yVp5Bf0efS8uEoYo5q4Fx7dY9OgQGXgAsQA==}
    dev: true

  /colorette/1.2.2:
    resolution: {integrity: sha512-MKGMzyfeuutC/ZJ1cba9NqcNpfeqMUcYmyF1ZFY6/Cn7CNSAKx6a+s48sqLqyAiZuaP2TcqMhoo+dlwFnVxT9w==}
    dev: true

  /concat-map/0.0.1:
    resolution: {integrity: sha1-2Klr13/Wjfd5OnMDajug1UBdR3s=}
    dev: true

  /debug/4.3.2:
    resolution: {integrity: sha512-mOp8wKcvj7XxC78zLgw/ZA+6TSgkoE2C/ienthhRD298T7UNwAg9diBpLRxC0mOezLl4B0xV7M0cCO6P/O0Xhw==}
    engines: {node: '>=6.0'}
    peerDependencies:
      supports-color: '*'
    peerDependenciesMeta:
      supports-color:
        optional: true
    dependencies:
      ms: 2.1.2
    dev: true

  /dedent-js/1.0.1:
    resolution: {integrity: sha1-vuX7fJ5yfYXf+iRZDRDsGrElUwU=}
    dev: true

  /detect-indent/6.1.0:
    resolution: {integrity: sha512-reYkTUJAZb9gUuZ2RvVCNhVHdg62RHnJ7WJl8ftMi4diZ6NWlciOzQN88pUhSELEwflJht4oQDv0F0BMlwaYtA==}
    engines: {node: '>=8'}
    dev: true

  /esbuild/0.12.18:
    resolution: {integrity: sha512-arWhBQSy+oiBAp8VRRCFvAU+3jyf0gGacABLO3haMHboXCDjzq4WUqyQklst2XRuFS8MXgap+9uvODqj9Iygpg==}
    hasBin: true
    requiresBuild: true
    dev: true

  /estree-walker/2.0.2:
    resolution: {integrity: sha512-Rfkk/Mp/DL7JVje3u18FxFujQlTNR2q6QfMSMB7AvCBx91NGj/ba3kCfza0f6dVDbw7YlRf/nDrn7pQrCCyQ/w==}
    dev: true

  /fill-range/7.0.1:
    resolution: {integrity: sha512-qOo9F+dMUmC2Lcb4BbVvnKJxTPjCm+RRpe4gDuGrzkL7mEVl/djYSu2OdQ2Pa302N4oqkSg9ir6jaLWJ2USVpQ==}
    engines: {node: '>=8'}
    dependencies:
      to-regex-range: 5.0.1
    dev: true

  /fs.realpath/1.0.0:
    resolution: {integrity: sha1-FQStJSMVjKpA20onh8sBQRmU6k8=}
    dev: true

  /fsevents/2.3.2:
    resolution: {integrity: sha512-xiqMQR4xAeHTuB9uWm+fFRcIOgKBMiOBP+eXiyT7jsgVCq1bkVygt00oASowB7EdtpOHaaPgKt812P9ab+DDKA==}
    engines: {node: ^8.16.0 || ^10.6.0 || >=11.0.0}
    os: [darwin]
    dev: true
    optional: true

  /function-bind/1.1.1:
    resolution: {integrity: sha512-yIovAzMX49sF8Yl58fSCWJ5svSLuaibPxXQJFLmBObTuCr0Mf1KiPopGM9NiFjiYBCbfaa2Fh6breQ6ANVTI0A==}
    dev: true

  /glob-parent/5.1.2:
    resolution: {integrity: sha512-AOIgSQCepiJYwP3ARnGx+5VnTu2HBYdzbGP45eLw1vr3zB3vZLeyed1sC9hnbcOc9/SrMyM5RPQrkGz4aS9Zow==}
    engines: {node: '>= 6'}
    dependencies:
      is-glob: 4.0.1
    dev: true

  /glob/7.1.7:
    resolution: {integrity: sha512-OvD9ENzPLbegENnYP5UUfJIirTg4+XwMWGaQfQTY0JenxNvvIKP3U3/tAQSPIu/lHxXYSZmpXlUHeqAIdKzBLQ==}
    dependencies:
      fs.realpath: 1.0.0
      inflight: 1.0.6
      inherits: 2.0.4
      minimatch: 3.0.4
      once: 1.4.0
      path-is-absolute: 1.0.1
    dev: true

  /has-flag/4.0.0:
    resolution: {integrity: sha512-EykJT/Q1KjTWctppgIAgfSO0tKVuZUjhgMr17kqTumMl6Afv3EISleU7qZUzoXDFTAHTDC4NOoG/ZxU3EvlMPQ==}
    engines: {node: '>=8'}
    dev: true

  /has/1.0.3:
    resolution: {integrity: sha512-f2dvO0VU6Oej7RkWJGrehjbzMAjFp5/VKPp5tTpWIV4JHHZK1/BxbFRtf/siA2SWTe09caDmVtYYzWEIbBS4zw==}
    engines: {node: '>= 0.4.0'}
    dependencies:
      function-bind: 1.1.1
    dev: true

  /import-fresh/3.3.0:
    resolution: {integrity: sha512-veYYhQa+D1QBKznvhUHxb8faxlrwUnxseDAbAp457E0wLNio2bOSKnjYDhMj+YiAq61xrMGhQk9iXVk5FzgQMw==}
    engines: {node: '>=6'}
    dependencies:
      parent-module: 1.0.1
      resolve-from: 4.0.0
    dev: true

  /inflight/1.0.6:
    resolution: {integrity: sha1-Sb1jMdfQLQwJvJEKEHW6gWW1bfk=}
    dependencies:
      once: 1.4.0
      wrappy: 1.0.2
    dev: true

  /inherits/2.0.4:
    resolution: {integrity: sha512-k/vGaX4/Yla3WzyMCvTQOXYeIHvqOKtnqBduzTHpzpQZzAskKMhZ2K+EnBiSM9zGSoIFeMpXKxa4dYeZIQqewQ==}
    dev: true

  /is-binary-path/2.1.0:
    resolution: {integrity: sha512-ZMERYes6pDydyuGidse7OsHxtbI7WVeUEozgR/g7rd0xUimYNlvZRE/K2MgZTjWy725IfelLeVcEM97mmtRGXw==}
    engines: {node: '>=8'}
    dependencies:
      binary-extensions: 2.2.0
    dev: true

  /is-core-module/2.5.0:
    resolution: {integrity: sha512-TXCMSDsEHMEEZ6eCA8rwRDbLu55MRGmrctljsBX/2v1d9/GzqHOxW5c5oPSgrUt2vBFXebu9rGqckXGPWOlYpg==}
    dependencies:
      has: 1.0.3
    dev: true

  /is-extglob/2.1.1:
    resolution: {integrity: sha1-qIwCU1eR8C7TfHahueqXc8gz+MI=}
    engines: {node: '>=0.10.0'}
    dev: true

  /is-glob/4.0.1:
    resolution: {integrity: sha512-5G0tKtBTFImOqDnLB2hG6Bp2qcKEFduo4tZu9MT/H6NQv/ghhy30o55ufafxJ/LdH79LLs2Kfrn85TLKyA7BUg==}
    engines: {node: '>=0.10.0'}
    dependencies:
      is-extglob: 2.1.1
    dev: true

  /is-number/7.0.0:
    resolution: {integrity: sha512-41Cifkg6e8TylSpdtTpeLVMqvSBEVzTttHvERD741+pnZ8ANv0004MRL43QKPDlK9cGvNp6NZWZUBlbGXYxxng==}
    engines: {node: '>=0.12.0'}
    dev: true

  /kleur/4.1.4:
    resolution: {integrity: sha512-8QADVssbrFjivHWQU7KkMgptGTl6WAcSdlbBPY4uNF+mWr6DGcKrvY2w4FQJoXch7+fKMjj0dRrL75vk3k23OA==}
    engines: {node: '>=6'}
    dev: true

  /lower-case/2.0.2:
    resolution: {integrity: sha512-7fm3l3NAF9WfN6W3JOmf5drwpVqX78JtoGJ3A6W0a6ZnldM41w2fV5D490psKFTpMds8TJse/eHLFFsNHHjHgg==}
    dependencies:
      tslib: 2.3.0
    dev: true

  /magic-string/0.25.7:
    resolution: {integrity: sha512-4CrMT5DOHTDk4HYDlzmwu4FVCcIYI8gauveasrdCu2IKIFOJ3f0v/8MDGJCDL9oD2ppz/Av1b0Nj345H9M+XIA==}
    dependencies:
      sourcemap-codec: 1.4.8
    dev: true

  /min-indent/1.0.1:
    resolution: {integrity: sha512-I9jwMn07Sy/IwOj3zVkVik2JTvgpaykDZEigL6Rx6N9LbMywwUSMtxET+7lVoDLLd3O3IXwJwvuuns8UB/HeAg==}
    engines: {node: '>=4'}
    dev: true

  /minimatch/3.0.4:
    resolution: {integrity: sha512-yJHVQEhyqPLUTgt9B83PXu6W3rx4MvvHvSUvToogpwoGDOUQ+yDrR0HRot+yOCdCO7u4hX3pWft6kWBBcqh0UA==}
    dependencies:
      brace-expansion: 1.1.11
    dev: true

  /minimist/1.2.5:
    resolution: {integrity: sha512-FM9nNUYrRBAELZQT3xeZQ7fmMOBg6nWNmJKTcgsJeaLstP/UODVpGsr5OhXhhXg6f+qtJ8uiZ+PUxkDWcgIXLw==}
    dev: true

  /mri/1.1.6:
    resolution: {integrity: sha512-oi1b3MfbyGa7FJMP9GmLTttni5JoICpYBRlq+x5V16fZbLsnL9N3wFqqIm/nIG43FjUFkFh9Epzp/kzUGUnJxQ==}
    engines: {node: '>=4'}
    dev: true

  /ms/2.1.2:
    resolution: {integrity: sha512-sGkPx+VjMtmA6MX27oA4FBFELFCZZ4S4XqeGOXCv68tT+jb3vk/RyaKWP0PTKyWtmLSM0b+adUTEvbs1PEaH2w==}
    dev: true

  /nanoid/3.1.23:
    resolution: {integrity: sha512-FiB0kzdP0FFVGDKlRLEQ1BgDzU87dy5NnzjeW9YZNt+/c3+q82EQDUwniSAUxp/F0gFNI1ZhKU1FqYsMuqZVnw==}
    engines: {node: ^10 || ^12 || ^13.7 || ^14 || >=15.0.1}
    hasBin: true
    dev: true

  /no-case/3.0.4:
    resolution: {integrity: sha512-fgAN3jGAh+RoxUGZHTSOLJIqUc2wmoBwGR4tbpNAKmmovFoWq0OdRkb0VkldReO2a2iBT/OEulG9XSUc10r3zg==}
    dependencies:
      lower-case: 2.0.2
      tslib: 2.3.0
    dev: true

  /normalize-path/3.0.0:
    resolution: {integrity: sha512-6eZs5Ls3WtCisHWp9S2GUy8dqkpGi4BVSz3GaqiE6ezub0512ESztXUwUB6C6IKbQkY2Pnb/mD4WYojCRwcwLA==}
    engines: {node: '>=0.10.0'}
    dev: true

  /once/1.4.0:
    resolution: {integrity: sha1-WDsap3WWHUsROsF9nFC6753Xa9E=}
    dependencies:
      wrappy: 1.0.2
    dev: true

  /parent-module/1.0.1:
    resolution: {integrity: sha512-GQ2EWRpQV8/o+Aw8YqtfZZPfNRWZYkbidE9k5rpl/hC3vtHHBfGm2Ifi6qWV+coDGkrUKZAxE3Lot5kcsRlh+g==}
    engines: {node: '>=6'}
    dependencies:
      callsites: 3.1.0
    dev: true

  /pascal-case/3.1.2:
    resolution: {integrity: sha512-uWlGT3YSnK9x3BQJaOdcZwrnV6hPpd8jFH1/ucpiLRPh/2zCVJKS19E4GvYHvaCcACn3foXZ0cLB9Wrx1KGe5g==}
    dependencies:
      no-case: 3.0.4
      tslib: 2.3.0
    dev: true

  /path-is-absolute/1.0.1:
    resolution: {integrity: sha1-F0uSaHNVNP+8es5r9TpanhtcX18=}
    engines: {node: '>=0.10.0'}
    dev: true

  /path-parse/1.0.7:
    resolution: {integrity: sha512-LDJzPVEEEPR+y48z93A0Ed0yXb8pAByGWo/k5YYdYgpY2/2EsOsksJrq7lOHxryrVOn1ejG6oAp8ahvOIQD8sw==}
    dev: true

  /picomatch/2.3.0:
    resolution: {integrity: sha512-lY1Q/PiJGC2zOv/z391WOTD+Z02bCgsFfvxoXXf6h7kv9o+WmsmzYqrAwY63sNgOxE4xEdq0WyUnXfKeBrSvYw==}
    engines: {node: '>=8.6'}
    dev: true

  /postcss/8.3.6:
    resolution: {integrity: sha512-wG1cc/JhRgdqB6WHEuyLTedf3KIRuD0hG6ldkFEZNCjRxiC+3i6kkWUUbiJQayP28iwG35cEmAbe98585BYV0A==}
    engines: {node: ^10 || ^12 || >=14}
    dependencies:
      colorette: 1.2.2
      nanoid: 3.1.23
      source-map-js: 0.6.2
    dev: true

  /readdirp/3.6.0:
    resolution: {integrity: sha512-hOS089on8RduqdbhvQ5Z37A0ESjsqz6qnRcffsMU3495FuTdqSm+7bhJ29JvIOsBDEEnan5DPu9t3To9VRlMzA==}
    engines: {node: '>=8.10.0'}
    dependencies:
      picomatch: 2.3.0
    dev: true

  /require-relative/0.8.7:
    resolution: {integrity: sha1-eZlTn8ngR6N5KPoZb44VY9q9Nt4=}
    dev: true

  /resolve-from/4.0.0:
    resolution: {integrity: sha512-pb/MYmXstAkysRFx8piNI1tGFNQIFA3vkE3Gq4EuA1dF6gHp/+vgZqsCGJapvy8N3Q+4o7FwvquPJcnZ7RYy4g==}
    engines: {node: '>=4'}
    dev: true

  /resolve/1.20.0:
    resolution: {integrity: sha512-wENBPt4ySzg4ybFQW2TT1zMQucPK95HSh/nq2CFTZVOGut2+pQvSsgtda4d26YrYcr067wjbmzOG8byDPBX63A==}
    dependencies:
      is-core-module: 2.5.0
      path-parse: 1.0.7
    dev: true

  /rollup/2.56.0:
    resolution: {integrity: sha512-weEafgbjbHCnrtJPNyCrhYnjP62AkF04P0BcV/1mofy1+gytWln4VVB1OK462cq2EAyWzRDpTMheSP/o+quoiA==}
    engines: {node: '>=10.0.0'}
    hasBin: true
    optionalDependencies:
      fsevents: 2.3.2
    dev: true

  /sade/1.7.4:
    resolution: {integrity: sha512-y5yauMD93rX840MwUJr7C1ysLFBgMspsdTo4UVrDg3fXDvtwOyIqykhVAAm6fk/3au77773itJStObgK+LKaiA==}
    engines: {node: '>= 6'}
    dependencies:
      mri: 1.1.6
    dev: true

  /sass/1.37.5:
    resolution: {integrity: sha512-Cx3ewxz9QB/ErnVIiWg2cH0kiYZ0FPvheDTVC6BsiEGBTZKKZJ1Gq5Kq6jy3PKtL6+EJ8NIoaBW/RSd2R6cZOA==}
    engines: {node: '>=8.9.0'}
    hasBin: true
    dependencies:
      chokidar: 3.5.2
    dev: true

  /source-map-js/0.6.2:
    resolution: {integrity: sha512-/3GptzWzu0+0MBQFrDKzw/DvvMTUORvgY6k6jd/VS6iCR4RDTKWH6v6WPwQoUO8667uQEf9Oe38DxAYWY5F/Ug==}
    engines: {node: '>=0.10.0'}
    dev: true

  /source-map/0.7.3:
    resolution: {integrity: sha512-CkCj6giN3S+n9qrYiBTX5gystlENnRW5jZeNLHpe6aue+SrHcG5VYwujhW9s4dY31mEGsxBDrHR6oI69fTXsaQ==}
    engines: {node: '>= 8'}
    dev: true

  /sourcemap-codec/1.4.8:
    resolution: {integrity: sha512-9NykojV5Uih4lgo5So5dtw+f0JgJX30KCNI8gwhz2J9A15wD0Ml6tjHKwf6fTSa6fAdVBdZeNOs9eJ71qCk8vA==}
    dev: true

  /strip-indent/3.0.0:
    resolution: {integrity: sha512-laJTa3Jb+VQpaC6DseHhF7dXVqHTfJPCRDaEbid/drOhgitgYku/letMUqOXFoWV0zIIUbjpdH2t+tYj4bQMRQ==}
    engines: {node: '>=8'}
    dependencies:
      min-indent: 1.0.1
    dev: true

  /supports-color/7.2.0:
    resolution: {integrity: sha512-qpCAvRl9stuOHveKsn7HncJRvv501qIacKzQlO/+Lwxc9+0q2wLyv4Dfvt80/DPn2pqOBsJdDiogXGR9+OvwRw==}
    engines: {node: '>=8'}
    dependencies:
      has-flag: 4.0.0
    dev: true

  /svelte-check/2.2.4_sass@1.37.5+svelte@3.42.1:
    resolution: {integrity: sha512-eGEuZ3UEanOhlpQhICLjKejDxcZ9uYJlGnBGKAPW7uugolaBE6HpEBIiKFZN/TMRFFHQUURgGvsVn8/HJUBfeQ==}
    hasBin: true
    peerDependencies:
      svelte: ^3.24.0
    dependencies:
      chalk: 4.1.2
      chokidar: 3.5.2
      glob: 7.1.7
      import-fresh: 3.3.0
      minimist: 1.2.5
      sade: 1.7.4
      source-map: 0.7.3
      svelte: 3.42.1
      svelte-preprocess: 4.7.4_1ced6683a6cc370029bbe34719c2dc36
      typescript: 4.3.5
    transitivePeerDependencies:
      - '@babel/core'
      - coffeescript
      - less
      - node-sass
      - postcss
      - postcss-load-config
      - pug
      - sass
      - stylus
      - sugarss
    dev: true

  /svelte-hmr/0.14.7_svelte@3.42.1:
    resolution: {integrity: sha512-pDrzgcWSoMaK6AJkBWkmgIsecW0GChxYZSZieIYfCP0v2oPyx2CYU/zm7TBIcjLVUPP714WxmViE9Thht4etog==}
    peerDependencies:
      svelte: '>=3.19.0'
    dependencies:
      svelte: 3.42.1
    dev: true

  /svelte-preprocess/4.7.4_1ced6683a6cc370029bbe34719c2dc36:
    resolution: {integrity: sha512-mDAmaltQl6e5zU2VEtoWEf7eLTfuOTGr9zt+BpA3AGHo8MIhKiNSPE9OLTCTOMgj0vj/uL9QBbaNmpG4G1CgIA==}
    engines: {node: '>= 9.11.2'}
    requiresBuild: true
    peerDependencies:
      '@babel/core': ^7.10.2
      coffeescript: ^2.5.1
      less: ^3.11.3
      node-sass: '*'
      postcss: ^7 || ^8
      postcss-load-config: ^2.1.0 || ^3.0.0
      pug: ^3.0.0
      sass: ^1.26.8
      stylus: ^0.54.7
      sugarss: ^2.0.0
      svelte: ^3.23.0
      typescript: ^3.9.5 || ^4.0.0
    peerDependenciesMeta:
      '@babel/core':
        optional: true
      coffeescript:
        optional: true
      less:
        optional: true
      node-sass:
        optional: true
      postcss:
        optional: true
      postcss-load-config:
        optional: true
      pug:
        optional: true
      sass:
        optional: true
      stylus:
        optional: true
      sugarss:
        optional: true
      typescript:
        optional: true
    dependencies:
      '@types/pug': 2.0.5
      '@types/sass': 1.16.1
      detect-indent: 6.1.0
      sass: 1.37.5
      strip-indent: 3.0.0
      svelte: 3.42.1
      typescript: 4.3.5
    dev: true

  /svelte/3.42.1:
    resolution: {integrity: sha512-XtExLd2JAU3T7M2g/DkO3UNj/3n1WdTXrfL63OZ5nZq7nAqd9wQw+lR4Pv/wkVbrWbAIPfLDX47UjFdmnY+YtQ==}
    engines: {node: '>= 8'}
    dev: true

  /svelte2tsx/0.4.5_svelte@3.42.1+typescript@4.3.5:
    resolution: {integrity: sha512-5SbnH3rGA5eymeSidlPZ3qxL0P6SfJv0pWaoTVuJDxpHbI00dUZpuDTNn/WZ8yMXfU7vjY/QxKC/iYiDTbJEjg==}
    peerDependencies:
      svelte: ^3.24
      typescript: ^4.1.2
    dependencies:
      dedent-js: 1.0.1
      pascal-case: 3.1.2
      svelte: 3.42.1
      typescript: 4.3.5
    dev: true

  /to-regex-range/5.0.1:
    resolution: {integrity: sha512-65P7iz6X5yEr1cwcgvQxbbIw7Uk3gOy5dIdtZ4rDveLqhrdJP+Li/Hx6tyK0NEb+2GCyneCMJiGqrADCSNk8sQ==}
    engines: {node: '>=8.0'}
    dependencies:
      is-number: 7.0.0
    dev: true

  /tslib/2.3.0:
    resolution: {integrity: sha512-N82ooyxVNm6h1riLCoyS9e3fuJ3AMG2zIZs2Gd1ATcSFjSA23Q0fzjjZeh0jbJvWVDZ0cJT8yaNNaaXHzueNjg==}

  /typescript/4.3.5:
    resolution: {integrity: sha512-DqQgihaQ9cUrskJo9kIyW/+g0Vxsk8cDtZ52a3NGh0YNTfpUSArXSohyUGnvbPazEPLu398C0UxmKSOrPumUzA==}
    engines: {node: '>=4.2.0'}
    hasBin: true
    dev: true

  /vite/2.4.4:
    resolution: {integrity: sha512-m1wK6pFJKmaYA6AeZIUXyiAgUAAJzVXhIMYCdZUpCaFMGps0v0IlNJtbmPvkUhVEyautalajmnW5X6NboUPsnw==}
    engines: {node: '>=12.0.0'}
    hasBin: true
    dependencies:
      esbuild: 0.12.18
      postcss: 8.3.6
      resolve: 1.20.0
      rollup: 2.56.0
    optionalDependencies:
      fsevents: 2.3.2
    dev: true

  /wrappy/1.0.2:
    resolution: {integrity: sha1-tSQ9jz7BqjXxNkYFvA0QNuMKtp8=}
    dev: true
